github.com/hatchify/colors v0.4.79 h1:E7LXqZVYDFNaTcQGxlBSfEKQ2rByeAUW84uKkat3AoA=
github.com/hatchify/colors v0.4.79/go.mod h1:t0952Ef1zDFMVTCkOwhrdJS9ToVWTdcJ3PWCHZADLuU=
github.com/hatchify/cron v0.4.82 h1:NXiWl4/9w8Egg2N2FCrQuPYLevszgUv62ZHHMzfFbi8=
github.com/hatchify/cron v0.4.82/go.mod h1:X/CVy+BJDASlwrjpwJC4+jzD5Oeaw/NHGYkKRO3r9Tc=
github.com/hatchify/errors v0.4.82 h1:o7eB9r1X3Sx7PBRRXMCaAm+vXcoQLE4ZOesIv4oK36Q=
github.com/hatchify/errors v0.4.82/go.mod h1:niCrsPjs0fFes147TgJ0LSUVdtavQTUvBxNoJm9Vew0=
github.com/hatchify/queue v0.4.79 h1:lQUznTai79WmoB5t/EGn5u3RtTinNPUHnfkY2CV0VUE=
github.com/hatchify/queue v0.4.79/go.mod h1:b976dT/lR/zCD+aXGI4a9t1LJZlW8ukI6BPxxih0ehY=
github.com/hatchify/scribe v0.4.87 h1:dfAjUJQvAbFbg9fvvCMa/dB0839KWB78aPUtUp95weI=
github.com/hatchify/scribe v0.4.87/go.mod h1:uuAiA5oKKL+CEJDEVcGWQyiW8yVzljv11Z/O2gotpjY=
