github.com/gdbu/queue v0.4.81 h1:QusSVhD2Nmodx9Eu6gJbAUu4Gb6j3JhrUlITArfj1Kc=
github.com/gdbu/queue v0.4.81/go.mod h1:ustIG9c7ga0z2SbElMneWvOcWPOIkFvvg6JYbjK8LkU=
github.com/gdbu/scribe v0.4.88 h1:XuvLpX3Hpvz+L4Fh6sGWAX+LTdZcWPkcrECfKT0J4Jg=
github.com/gdbu/scribe v0.4.88/go.mod h1:d2N8Lim+phn6EuoppRUs6Vm9CSAHtzhTubGNM+A9Ya4=
github.com/hatchify/colors v0.4.79 h1:E7LXqZVYDFNaTcQGxlBSfEKQ2rByeAUW84uKkat3AoA=
github.com/hatchify/colors v0.4.79/go.mod h1:t0952Ef1zDFMVTCkOwhrdJS9ToVWTdcJ3PWCHZADLuU=
github.com/hatchify/cron v0.4.82 h1:NXiWl4/9w8Egg2N2FCrQuPYLevszgUv62ZHHMzfFbi8=
github.com/hatchify/cron v0.4.82/go.mod h1:X/CVy+BJDASlwrjpwJC4+jzD5Oeaw/NHGYkKRO3r9Tc=
github.com/hatchify/errors v0.4.82 h1:o7eB9r1X3Sx7PBRRXMCaAm+vXcoQLE4ZOesIv4oK36Q=
github.com/hatchify/errors v0.4.82/go.mod h1:niCrsPjs0fFes147TgJ0LSUVdtavQTUvBxNoJm9Vew0=
github.com/pkujhd/goloader v0.0.0-20201113071247-a77099465d4c h1:uOI0muAJlTXKMqb/hWMkGYOQtuezxZCzuh4ZdfuKyL8=
github.com/pkujhd/goloader v0.0.0-20201113071247-a77099465d4c/go.mod h1:OHq1HOoPtoKx6rtaXtTsEOKfX+qdgRHxTGbdKjGqb5s=
